
Microsoft Visual Studio Solution File, Format Version 12.00
# Visual Studio Version 17
VisualStudioVersion = 17.5.33424.131
MinimumVisualStudioVersion = 10.0.40219.1
Project("{9A19103F-16F7-4668-BE54-9A1E7A4F7556}") = "grpcGreeterClient", "grpcGreeterClient\grpcGreeterClient.csproj", "{FB1456E6-4137-4C3C-A18A-F9472B1FAFB9}"
EndProject
Global
	GlobalSection(SolutionConfigurationPlatforms) = preSolution
		Debug|Any CPU = Debug|Any CPU
		Release|Any CPU = Release|Any CPU
	EndGlobalSection
	GlobalSection(ProjectConfigurationPlatforms) = postSolution
		{FB1456E6-4137-4C3C-A18A-F9472B1FAFB9}.Debug|Any CPU.ActiveCfg = Debug|Any CPU
		{FB1456E6-4137-4C3C-A18A-F9472B1FAFB9}.Debug|Any CPU.Build.0 = Debug|Any CPU
		{FB1456E6-4137-4C3C-A18A-F9472B1FAFB9}.Release|Any CPU.ActiveCfg = Release|Any CPU
		{FB1456E6-4137-4C3C-A18A-F9472B1FAFB9}.Release|Any CPU.Build.0 = Release|Any CPU
	EndGlobalSection
	GlobalSection(SolutionProperties) = preSolution
		HideSolutionNode = FALSE
	EndGlobalSection
	GlobalSection(ExtensibilityGlobals) = postSolution
		SolutionGuid = {00A659B9-4D7D-428E-B6E9-F3D655169FE4}
	EndGlobalSection
EndGlobal
