
Microsoft Visual Studio Solution File, Format Version 12.00
# Visual Studio Version 17
VisualStudioVersion = 17.4.33110.190
MinimumVisualStudioVersion = 10.0.40219.1
Project("{FAE04EC0-301F-11D3-BF4B-00C04F79EFBC}") = "grpcGreeterClient", "grpcGreeterClient\grpcGreeterClient.csproj", "{6FB30B32-3FD1-4823-A842-CBCB2CA7996E}"
EndProject
Global
	GlobalSection(SolutionConfigurationPlatforms) = preSolution
		Debug|Any CPU = Debug|Any CPU
		Release|Any CPU = Release|Any CPU
	EndGlobalSection
	GlobalSection(ProjectConfigurationPlatforms) = postSolution
		{6FB30B32-3FD1-4823-A842-CBCB2CA7996E}.Debug|Any CPU.ActiveCfg = Debug|Any CPU
		{6FB30B32-3FD1-4823-A842-CBCB2CA7996E}.Debug|Any CPU.Build.0 = Debug|Any CPU
		{6FB30B32-3FD1-4823-A842-CBCB2CA7996E}.Release|Any CPU.ActiveCfg = Release|Any CPU
		{6FB30B32-3FD1-4823-A842-CBCB2CA7996E}.Release|Any CPU.Build.0 = Release|Any CPU
	EndGlobalSection
	GlobalSection(SolutionProperties) = preSolution
		HideSolutionNode = FALSE
	EndGlobalSection
	GlobalSection(ExtensibilityGlobals) = postSolution
		SolutionGuid = {9993A7B2-CE15-4DAD-BAE4-6BABA0BBD7DF}
	EndGlobalSection
EndGlobal
