
Microsoft Visual Studio Solution File, Format Version 12.00
# Visual Studio Version 17
VisualStudioVersion = 17.5.33424.131
MinimumVisualStudioVersion = 10.0.40219.1
Project("{FAE04EC0-301F-11D3-BF4B-00C04F79EFBC}") = "GrpcServiceDistance", "GrpcServiceDistance\GrpcServiceDistance.csproj", "{3CFF4E6C-A402-4E84-B085-4B2F6BE2B9A0}"
EndProject
Global
	GlobalSection(SolutionConfigurationPlatforms) = preSolution
		Debug|Any CPU = Debug|Any CPU
		Release|Any CPU = Release|Any CPU
	EndGlobalSection
	GlobalSection(ProjectConfigurationPlatforms) = postSolution
		{3CFF4E6C-A402-4E84-B085-4B2F6BE2B9A0}.Debug|Any CPU.ActiveCfg = Debug|Any CPU
		{3CFF4E6C-A402-4E84-B085-4B2F6BE2B9A0}.Debug|Any CPU.Build.0 = Debug|Any CPU
		{3CFF4E6C-A402-4E84-B085-4B2F6BE2B9A0}.Release|Any CPU.ActiveCfg = Release|Any CPU
		{3CFF4E6C-A402-4E84-B085-4B2F6BE2B9A0}.Release|Any CPU.Build.0 = Release|Any CPU
	EndGlobalSection
	GlobalSection(SolutionProperties) = preSolution
		HideSolutionNode = FALSE
	EndGlobalSection
	GlobalSection(ExtensibilityGlobals) = postSolution
		SolutionGuid = {9E9AEB28-872B-4DAB-9F7D-056D2C3BDCF9}
	EndGlobalSection
EndGlobal
